// !$*UTF8*$!
{
	archiveVersion = 1;
	classes = {
	};
	objectVersion = 50;
	objects = {

/* Begin PBXBuildFile section */
		413471D723369BFD0041E7C8 /* DateExtension.swift in Sources */ = {isa = PBXBuildFile; fileRef = 413471D623369BFD0041E7C8 /* DateExtension.swift */; };
		413471D92336A45A0041E7C8 /* UIviewController+AlertExtension.swift in Sources */ = {isa = PBXBuildFile; fileRef = 413471D82336A45A0041E7C8 /* UIviewController+AlertExtension.swift */; };
		413471DC2336A6190041E7C8 /* Coordinator.swift in Sources */ = {isa = PBXBuildFile; fileRef = 413471DB2336A6190041E7C8 /* Coordinator.swift */; };
		413471DE2336A6650041E7C8 /* StoryboardBoundable.swift in Sources */ = {isa = PBXBuildFile; fileRef = 413471DD2336A6650041E7C8 /* StoryboardBoundable.swift */; };
		413471E02336A7A60041E7C8 /* MainCoordinator.swift in Sources */ = {isa = PBXBuildFile; fileRef = 413471DF2336A7A60041E7C8 /* MainCoordinator.swift */; };
		4180AF502335B36400904BFD /* UIView+Anchor.swift in Sources */ = {isa = PBXBuildFile; fileRef = 4180AF4F2335B36400904BFD /* UIView+Anchor.swift */; };
		41F2E9FA233945230002E9A6 /* Brush.swift in Sources */ = {isa = PBXBuildFile; fileRef = 41F2E9F8233945220002E9A6 /* Brush.swift */; };
		41F2E9FB233945230002E9A6 /* SwiftyDraw.swift in Sources */ = {isa = PBXBuildFile; fileRef = 41F2E9F9233945230002E9A6 /* SwiftyDraw.swift */; };
		41FB7FCA23355BA90002C963 /* AppDelegate.swift in Sources */ = {isa = PBXBuildFile; fileRef = 41FB7FC923355BA90002C963 /* AppDelegate.swift */; };
		41FB7FCC23355BA90002C963 /* ViewController.swift in Sources */ = {isa = PBXBuildFile; fileRef = 41FB7FCB23355BA90002C963 /* ViewController.swift */; };
		41FB7FCF23355BA90002C963 /* Main.storyboard in Resources */ = {isa = PBXBuildFile; fileRef = 41FB7FCD23355BA90002C963 /* Main.storyboard */; };
		41FB7FD123355BAA0002C963 /* Assets.xcassets in Resources */ = {isa = PBXBuildFile; fileRef = 41FB7FD023355BAA0002C963 /* Assets.xcassets */; };
		41FB7FD423355BAA0002C963 /* LaunchScreen.storyboard in Resources */ = {isa = PBXBuildFile; fileRef = 41FB7FD223355BAA0002C963 /* LaunchScreen.storyboard */; };
		41FB7FDE23355C130002C963 /* DataModel.xcdatamodeld in Sources */ = {isa = PBXBuildFile; fileRef = 41FB7FDC23355C130002C963 /* DataModel.xcdatamodeld */; };
		41FB7FE123355C690002C963 /* Entity+CoreDataClass.swift in Sources */ = {isa = PBXBuildFile; fileRef = 41FB7FDF23355C690002C963 /* Entity+CoreDataClass.swift */; };
		41FB7FE223355C690002C963 /* Entity+CoreDataProperties.swift in Sources */ = {isa = PBXBuildFile; fileRef = 41FB7FE023355C690002C963 /* Entity+CoreDataProperties.swift */; };
		41FB7FE523355CE50002C963 /* CoreDataStack.swift in Sources */ = {isa = PBXBuildFile; fileRef = 41FB7FE423355CE50002C963 /* CoreDataStack.swift */; };
		41FB7FE823355E080002C963 /* FetchedResultsController.swift in Sources */ = {isa = PBXBuildFile; fileRef = 41FB7FE723355E080002C963 /* FetchedResultsController.swift */; };
		41FB7FEB23355E720002C963 /* DataSource.swift in Sources */ = {isa = PBXBuildFile; fileRef = 41FB7FEA23355E720002C963 /* DataSource.swift */; };
		41FB7FEE23355EAA0002C963 /* EntityCell.swift in Sources */ = {isa = PBXBuildFile; fileRef = 41FB7FED23355EAA0002C963 /* EntityCell.swift */; };
		41FE06B323371D2600E6A863 /* EntityDetailViewController.swift in Sources */ = {isa = PBXBuildFile; fileRef = 41FE06B223371D2600E6A863 /* EntityDetailViewController.swift */; };
/* End PBXBuildFile section */

/* Begin PBXFileReference section */
		413471D623369BFD0041E7C8 /* DateExtension.swift */ = {isa = PBXFileReference; lastKnownFileType = sourcecode.swift; path = DateExtension.swift; sourceTree = "<group>"; };
		413471D82336A45A0041E7C8 /* UIviewController+AlertExtension.swift */ = {isa = PBXFileReference; lastKnownFileType = sourcecode.swift; path = "UIviewController+AlertExtension.swift"; sourceTree = "<group>"; };
		413471DB2336A6190041E7C8 /* Coordinator.swift */ = {isa = PBXFileReference; lastKnownFileType = sourcecode.swift; path = Coordinator.swift; sourceTree = "<group>"; };
		413471DD2336A6650041E7C8 /* StoryboardBoundable.swift */ = {isa = PBXFileReference; lastKnownFileType = sourcecode.swift; path = StoryboardBoundable.swift; sourceTree = "<group>"; };
		413471DF2336A7A60041E7C8 /* MainCoordinator.swift */ = {isa = PBXFileReference; lastKnownFileType = sourcecode.swift; path = MainCoordinator.swift; sourceTree = "<group>"; };
		4180AF4F2335B36400904BFD /* UIView+Anchor.swift */ = {isa = PBXFileReference; lastKnownFileType = sourcecode.swift; path = "UIView+Anchor.swift"; sourceTree = "<group>"; };
		41F2E9F8233945220002E9A6 /* Brush.swift */ = {isa = PBXFileReference; fileEncoding = 4; lastKnownFileType = sourcecode.swift; path = Brush.swift; sourceTree = "<group>"; };
		41F2E9F9233945230002E9A6 /* SwiftyDraw.swift */ = {isa = PBXFileReference; fileEncoding = 4; lastKnownFileType = sourcecode.swift; path = SwiftyDraw.swift; sourceTree = "<group>"; };
		41FB7FC623355BA90002C963 /* CollectionViewCoreData.app */ = {isa = PBXFileReference; explicitFileType = wrapper.application; includeInIndex = 0; path = CollectionViewCoreData.app; sourceTree = BUILT_PRODUCTS_DIR; };
		41FB7FC923355BA90002C963 /* AppDelegate.swift */ = {isa = PBXFileReference; lastKnownFileType = sourcecode.swift; path = AppDelegate.swift; sourceTree = "<group>"; };
		41FB7FCB23355BA90002C963 /* ViewController.swift */ = {isa = PBXFileReference; lastKnownFileType = sourcecode.swift; path = ViewController.swift; sourceTree = "<group>"; };
		41FB7FCE23355BA90002C963 /* Base */ = {isa = PBXFileReference; lastKnownFileType = file.storyboard; name = Base; path = Base.lproj/Main.storyboard; sourceTree = "<group>"; };
		41FB7FD023355BAA0002C963 /* Assets.xcassets */ = {isa = PBXFileReference; lastKnownFileType = folder.assetcatalog; path = Assets.xcassets; sourceTree = "<group>"; };
		41FB7FD323355BAA0002C963 /* Base */ = {isa = PBXFileReference; lastKnownFileType = file.storyboard; name = Base; path = Base.lproj/LaunchScreen.storyboard; sourceTree = "<group>"; };
		41FB7FD523355BAA0002C963 /* Info.plist */ = {isa = PBXFileReference; lastKnownFileType = text.plist.xml; path = Info.plist; sourceTree = "<group>"; };
		41FB7FDD23355C130002C963 /* DataModel.xcdatamodel */ = {isa = PBXFileReference; lastKnownFileType = wrapper.xcdatamodel; path = DataModel.xcdatamodel; sourceTree = "<group>"; };
		41FB7FDF23355C690002C963 /* Entity+CoreDataClass.swift */ = {isa = PBXFileReference; lastKnownFileType = sourcecode.swift; path = "Entity+CoreDataClass.swift"; sourceTree = "<group>"; };
		41FB7FE023355C690002C963 /* Entity+CoreDataProperties.swift */ = {isa = PBXFileReference; lastKnownFileType = sourcecode.swift; path = "Entity+CoreDataProperties.swift"; sourceTree = "<group>"; };
		41FB7FE423355CE50002C963 /* CoreDataStack.swift */ = {isa = PBXFileReference; lastKnownFileType = sourcecode.swift; path = CoreDataStack.swift; sourceTree = "<group>"; };
		41FB7FE723355E080002C963 /* FetchedResultsController.swift */ = {isa = PBXFileReference; lastKnownFileType = sourcecode.swift; path = FetchedResultsController.swift; sourceTree = "<group>"; };
		41FB7FEA23355E720002C963 /* DataSource.swift */ = {isa = PBXFileReference; lastKnownFileType = sourcecode.swift; path = DataSource.swift; sourceTree = "<group>"; };
		41FB7FED23355EAA0002C963 /* EntityCell.swift */ = {isa = PBXFileReference; lastKnownFileType = sourcecode.swift; path = EntityCell.swift; sourceTree = "<group>"; };
		41FE06B223371D2600E6A863 /* EntityDetailViewController.swift */ = {isa = PBXFileReference; lastKnownFileType = sourcecode.swift; path = EntityDetailViewController.swift; sourceTree = "<group>"; };
/* End PBXFileReference section */

/* Begin PBXFrameworksBuildPhase section */
		41FB7FC323355BA90002C963 /* Frameworks */ = {
			isa = PBXFrameworksBuildPhase;
			buildActionMask = 2147483647;
			files = (
			);
			runOnlyForDeploymentPostprocessing = 0;
		};
/* End PBXFrameworksBuildPhase section */

/* Begin PBXGroup section */
		413471DA2336A6060041E7C8 /* CoordinatorPatternFiles */ = {
			isa = PBXGroup;
			children = (
				413471DB2336A6190041E7C8 /* Coordinator.swift */,
				413471DD2336A6650041E7C8 /* StoryboardBoundable.swift */,
				413471DF2336A7A60041E7C8 /* MainCoordinator.swift */,
			);
			path = CoordinatorPatternFiles;
			sourceTree = "<group>";
		};
		4180AF4E2335B35900904BFD /* Extensions */ = {
			isa = PBXGroup;
			children = (
				4180AF4F2335B36400904BFD /* UIView+Anchor.swift */,
				413471D623369BFD0041E7C8 /* DateExtension.swift */,
				413471D82336A45A0041E7C8 /* UIviewController+AlertExtension.swift */,
			);
			path = Extensions;
			sourceTree = "<group>";
		};
		41F2E9FC233945260002E9A6 /* SwiftyDraw */ = {
			isa = PBXGroup;
			children = (
				41F2E9F8233945220002E9A6 /* Brush.swift */,
				41F2E9F9233945230002E9A6 /* SwiftyDraw.swift */,
			);
			path = SwiftyDraw;
			sourceTree = "<group>";
		};
		41FB7FBD23355BA90002C963 = {
			isa = PBXGroup;
			children = (
				41FB7FC823355BA90002C963 /* CollectionViewCoreData */,
				41FB7FC723355BA90002C963 /* Products */,
			);
			sourceTree = "<group>";
		};
		41FB7FC723355BA90002C963 /* Products */ = {
			isa = PBXGroup;
			children = (
				41FB7FC623355BA90002C963 /* CollectionViewCoreData.app */,
			);
			name = Products;
			sourceTree = "<group>";
		};
		41FB7FC823355BA90002C963 /* CollectionViewCoreData */ = {
			isa = PBXGroup;
			children = (
				41F2E9FC233945260002E9A6 /* SwiftyDraw */,
				41FE06B123371CF000E6A863 /* Controllers */,
				413471DA2336A6060041E7C8 /* CoordinatorPatternFiles */,
				4180AF4E2335B35900904BFD /* Extensions */,
				41FB7FEC23355EA00002C963 /* Views */,
				41FB7FE923355E670002C963 /* DataSource */,
				41FB7FE623355DF50002C963 /* FetchedResultsController */,
				41FB7FE323355CD30002C963 /* CoreDataStack */,
				41FB7FDB23355C000002C963 /* CoreData */,
				41FB7FC923355BA90002C963 /* AppDelegate.swift */,
				41FB7FCD23355BA90002C963 /* Main.storyboard */,
				41FB7FD023355BAA0002C963 /* Assets.xcassets */,
				41FB7FD223355BAA0002C963 /* LaunchScreen.storyboard */,
				41FB7FD523355BAA0002C963 /* Info.plist */,
			);
			path = CollectionViewCoreData;
			sourceTree = "<group>";
		};
		41FB7FDB23355C000002C963 /* CoreData */ = {
			isa = PBXGroup;
			children = (
				41FB7FDC23355C130002C963 /* DataModel.xcdatamodeld */,
				41FB7FDF23355C690002C963 /* Entity+CoreDataClass.swift */,
				41FB7FE023355C690002C963 /* Entity+CoreDataProperties.swift */,
			);
			path = CoreData;
			sourceTree = "<group>";
		};
		41FB7FE323355CD30002C963 /* CoreDataStack */ = {
			isa = PBXGroup;
			children = (
				41FB7FE423355CE50002C963 /* CoreDataStack.swift */,
			);
			path = CoreDataStack;
			sourceTree = "<group>";
		};
		41FB7FE623355DF50002C963 /* FetchedResultsController */ = {
			isa = PBXGroup;
			children = (
				41FB7FE723355E080002C963 /* FetchedResultsController.swift */,
			);
			path = FetchedResultsController;
			sourceTree = "<group>";
		};
		41FB7FE923355E670002C963 /* DataSource */ = {
			isa = PBXGroup;
			children = (
				41FB7FEA23355E720002C963 /* DataSource.swift */,
			);
			path = DataSource;
			sourceTree = "<group>";
		};
		41FB7FEC23355EA00002C963 /* Views */ = {
			isa = PBXGroup;
			children = (
				41FB7FED23355EAA0002C963 /* EntityCell.swift */,
			);
			path = Views;
			sourceTree = "<group>";
		};
		41FE06B123371CF000E6A863 /* Controllers */ = {
			isa = PBXGroup;
			children = (
				41FB7FCB23355BA90002C963 /* ViewController.swift */,
				41FE06B223371D2600E6A863 /* EntityDetailViewController.swift */,
			);
			path = Controllers;
			sourceTree = "<group>";
		};
/* End PBXGroup section */

/* Begin PBXNativeTarget section */
		41FB7FC523355BA90002C963 /* CollectionViewCoreData */ = {
			isa = PBXNativeTarget;
			buildConfigurationList = 41FB7FD823355BAA0002C963 /* Build configuration list for PBXNativeTarget "CollectionViewCoreData" */;
			buildPhases = (
				41FB7FC223355BA90002C963 /* Sources */,
				41FB7FC323355BA90002C963 /* Frameworks */,
				41FB7FC423355BA90002C963 /* Resources */,
			);
			buildRules = (
			);
			dependencies = (
			);
			name = CollectionViewCoreData;
			productName = CollectionViewCoreData;
			productReference = 41FB7FC623355BA90002C963 /* CollectionViewCoreData.app */;
			productType = "com.apple.product-type.application";
		};
/* End PBXNativeTarget section */

/* Begin PBXProject section */
		41FB7FBE23355BA90002C963 /* Project object */ = {
			isa = PBXProject;
			attributes = {
				LastSwiftUpdateCheck = 1030;
				LastUpgradeCheck = 1030;
				ORGANIZATIONNAME = "Andre Sarokhanian";
				TargetAttributes = {
					41FB7FC523355BA90002C963 = {
						CreatedOnToolsVersion = 10.3;
					};
				};
			};
			buildConfigurationList = 41FB7FC123355BA90002C963 /* Build configuration list for PBXProject "CollectionViewCoreData" */;
			compatibilityVersion = "Xcode 9.3";
			developmentRegion = en;
			hasScannedForEncodings = 0;
			knownRegions = (
				en,
				Base,
			);
			mainGroup = 41FB7FBD23355BA90002C963;
			productRefGroup = 41FB7FC723355BA90002C963 /* Products */;
			projectDirPath = "";
			projectRoot = "";
			targets = (
				41FB7FC523355BA90002C963 /* CollectionViewCoreData */,
			);
		};
/* End PBXProject section */

/* Begin PBXResourcesBuildPhase section */
		41FB7FC423355BA90002C963 /* Resources */ = {
			isa = PBXResourcesBuildPhase;
			buildActionMask = 2147483647;
			files = (
				41FB7FD423355BAA0002C963 /* LaunchScreen.storyboard in Resources */,
				41FB7FD123355BAA0002C963 /* Assets.xcassets in Resources */,
				41FB7FCF23355BA90002C963 /* Main.storyboard in Resources */,
			);
			runOnlyForDeploymentPostprocessing = 0;
		};
/* End PBXResourcesBuildPhase section */

/* Begin PBXSourcesBuildPhase section */
		41FB7FC223355BA90002C963 /* Sources */ = {
			isa = PBXSourcesBuildPhase;
			buildActionMask = 2147483647;
			files = (
				4180AF502335B36400904BFD /* UIView+Anchor.swift in Sources */,
				413471D92336A45A0041E7C8 /* UIviewController+AlertExtension.swift in Sources */,
				413471DC2336A6190041E7C8 /* Coordinator.swift in Sources */,
				41F2E9FB233945230002E9A6 /* SwiftyDraw.swift in Sources */,
				413471DE2336A6650041E7C8 /* StoryboardBoundable.swift in Sources */,
				41FE06B323371D2600E6A863 /* EntityDetailViewController.swift in Sources */,
				41FB7FE223355C690002C963 /* Entity+CoreDataProperties.swift in Sources */,
				41FB7FDE23355C130002C963 /* DataModel.xcdatamodeld in Sources */,
				41FB7FCC23355BA90002C963 /* ViewController.swift in Sources */,
				41FB7FE523355CE50002C963 /* CoreDataStack.swift in Sources */,
				41FB7FE123355C690002C963 /* Entity+CoreDataClass.swift in Sources */,
				413471D723369BFD0041E7C8 /* DateExtension.swift in Sources */,
				41FB7FE823355E080002C963 /* FetchedResultsController.swift in Sources */,
				41FB7FEB23355E720002C963 /* DataSource.swift in Sources */,
				41FB7FEE23355EAA0002C963 /* EntityCell.swift in Sources */,
				41F2E9FA233945230002E9A6 /* Brush.swift in Sources */,
				413471E02336A7A60041E7C8 /* MainCoordinator.swift in Sources */,
				41FB7FCA23355BA90002C963 /* AppDelegate.swift in Sources */,
			);
			runOnlyForDeploymentPostprocessing = 0;
		};
/* End PBXSourcesBuildPhase section */

/* Begin PBXVariantGroup section */
		41FB7FCD23355BA90002C963 /* Main.storyboard */ = {
			isa = PBXVariantGroup;
			children = (
				41FB7FCE23355BA90002C963 /* Base */,
			);
			name = Main.storyboard;
			sourceTree = "<group>";
		};
		41FB7FD223355BAA0002C963 /* LaunchScreen.storyboard */ = {
			isa = PBXVariantGroup;
			children = (
				41FB7FD323355BAA0002C963 /* Base */,
			);
			name = LaunchScreen.storyboard;
			sourceTree = "<group>";
		};
/* End PBXVariantGroup section */

/* Begin XCBuildConfiguration section */
		41FB7FD623355BAA0002C963 /* Debug */ = {
			isa = XCBuildConfiguration;
			buildSettings = {
				ALWAYS_SEARCH_USER_PATHS = NO;
				CLANG_ANALYZER_NONNULL = YES;
				CLANG_ANALYZER_NUMBER_OBJECT_CONVERSION = YES_AGGRESSIVE;
				CLANG_CXX_LANGUAGE_STANDARD = "gnu++14";
				CLANG_CXX_LIBRARY = "libc++";
				CLANG_ENABLE_MODULES = YES;
				CLANG_ENABLE_OBJC_ARC = YES;
				CLANG_ENABLE_OBJC_WEAK = YES;
				CLANG_WARN_BLOCK_CAPTURE_AUTORELEASING = YES;
				CLANG_WARN_BOOL_CONVERSION = YES;
				CLANG_WARN_COMMA = YES;
				CLANG_WARN_CONSTANT_CONVERSION = YES;
				CLANG_WARN_DEPRECATED_OBJC_IMPLEMENTATIONS = YES;
				CLANG_WARN_DIRECT_OBJC_ISA_USAGE = YES_ERROR;
				CLANG_WARN_DOCUMENTATION_COMMENTS = YES;
				CLANG_WARN_EMPTY_BODY = YES;
				CLANG_WARN_ENUM_CONVERSION = YES;
				CLANG_WARN_INFINITE_RECURSION = YES;
				CLANG_WARN_INT_CONVERSION = YES;
				CLANG_WARN_NON_LITERAL_NULL_CONVERSION = YES;
				CLANG_WARN_OBJC_IMPLICIT_RETAIN_SELF = YES;
				CLANG_WARN_OBJC_LITERAL_CONVERSION = YES;
				CLANG_WARN_OBJC_ROOT_CLASS = YES_ERROR;
				CLANG_WARN_RANGE_LOOP_ANALYSIS = YES;
				CLANG_WARN_STRICT_PROTOTYPES = YES;
				CLANG_WARN_SUSPICIOUS_MOVE = YES;
				CLANG_WARN_UNGUARDED_AVAILABILITY = YES_AGGRESSIVE;
				CLANG_WARN_UNREACHABLE_CODE = YES;
				CLANG_WARN__DUPLICATE_METHOD_MATCH = YES;
				CODE_SIGN_IDENTITY = "iPhone Developer";
				COPY_PHASE_STRIP = NO;
				DEBUG_INFORMATION_FORMAT = dwarf;
				ENABLE_STRICT_OBJC_MSGSEND = YES;
				ENABLE_TESTABILITY = YES;
				GCC_C_LANGUAGE_STANDARD = gnu11;
				GCC_DYNAMIC_NO_PIC = NO;
				GCC_NO_COMMON_BLOCKS = YES;
				GCC_OPTIMIZATION_LEVEL = 0;
				GCC_PREPROCESSOR_DEFINITIONS = (
					"DEBUG=1",
					"$(inherited)",
				);
				GCC_WARN_64_TO_32_BIT_CONVERSION = YES;
				GCC_WARN_ABOUT_RETURN_TYPE = YES_ERROR;
				GCC_WARN_UNDECLARED_SELECTOR = YES;
				GCC_WARN_UNINITIALIZED_AUTOS = YES_AGGRESSIVE;
				GCC_WARN_UNUSED_FUNCTION = YES;
				GCC_WARN_UNUSED_VARIABLE = YES;
				IPHONEOS_DEPLOYMENT_TARGET = 12.4;
				MTL_ENABLE_DEBUG_INFO = INCLUDE_SOURCE;
				MTL_FAST_MATH = YES;
				ONLY_ACTIVE_ARCH = YES;
				SDKROOT = iphoneos;
				SWIFT_ACTIVE_COMPILATION_CONDITIONS = DEBUG;
				SWIFT_OPTIMIZATION_LEVEL = "-Onone";
			};
			name = Debug;
		};
		41FB7FD723355BAA0002C963 /* Release */ = {
			isa = XCBuildConfiguration;
			buildSettings = {
				ALWAYS_SEARCH_USER_PATHS = NO;
				CLANG_ANALYZER_NONNULL = YES;
				CLANG_ANALYZER_NUMBER_OBJECT_CONVERSION = YES_AGGRESSIVE;
				CLANG_CXX_LANGUAGE_STANDARD = "gnu++14";
				CLANG_CXX_LIBRARY = "libc++";
				CLANG_ENABLE_MODULES = YES;
				CLANG_ENABLE_OBJC_ARC = YES;
				CLANG_ENABLE_OBJC_WEAK = YES;
				CLANG_WARN_BLOCK_CAPTURE_AUTORELEASING = YES;
				CLANG_WARN_BOOL_CONVERSION = YES;
				CLANG_WARN_COMMA = YES;
				CLANG_WARN_CONSTANT_CONVERSION = YES;
				CLANG_WARN_DEPRECATED_OBJC_IMPLEMENTATIONS = YES;
				CLANG_WARN_DIRECT_OBJC_ISA_USAGE = YES_ERROR;
				CLANG_WARN_DOCUMENTATION_COMMENTS = YES;
				CLANG_WARN_EMPTY_BODY = YES;
				CLANG_WARN_ENUM_CONVERSION = YES;
				CLANG_WARN_INFINITE_RECURSION = YES;
				CLANG_WARN_INT_CONVERSION = YES;
				CLANG_WARN_NON_LITERAL_NULL_CONVERSION = YES;
				CLANG_WARN_OBJC_IMPLICIT_RETAIN_SELF = YES;
				CLANG_WARN_OBJC_LITERAL_CONVERSION = YES;
				CLANG_WARN_OBJC_ROOT_CLASS = YES_ERROR;
				CLANG_WARN_RANGE_LOOP_ANALYSIS = YES;
				CLANG_WARN_STRICT_PROTOTYPES = YES;
				CLANG_WARN_SUSPICIOUS_MOVE = YES;
				CLANG_WARN_UNGUARDED_AVAILABILITY = YES_AGGRESSIVE;
				CLANG_WARN_UNREACHABLE_CODE = YES;
				CLANG_WARN__DUPLICATE_METHOD_MATCH = YES;
				CODE_SIGN_IDENTITY = "iPhone Developer";
				COPY_PHASE_STRIP = NO;
				DEBUG_INFORMATION_FORMAT = "dwarf-with-dsym";
				ENABLE_NS_ASSERTIONS = NO;
				ENABLE_STRICT_OBJC_MSGSEND = YES;
				GCC_C_LANGUAGE_STANDARD = gnu11;
				GCC_NO_COMMON_BLOCKS = YES;
				GCC_WARN_64_TO_32_BIT_CONVERSION = YES;
				GCC_WARN_ABOUT_RETURN_TYPE = YES_ERROR;
				GCC_WARN_UNDECLARED_SELECTOR = YES;
				GCC_WARN_UNINITIALIZED_AUTOS = YES_AGGRESSIVE;
				GCC_WARN_UNUSED_FUNCTION = YES;
				GCC_WARN_UNUSED_VARIABLE = YES;
				IPHONEOS_DEPLOYMENT_TARGET = 12.4;
				MTL_ENABLE_DEBUG_INFO = NO;
				MTL_FAST_MATH = YES;
				SDKROOT = iphoneos;
				SWIFT_COMPILATION_MODE = wholemodule;
				SWIFT_OPTIMIZATION_LEVEL = "-O";
				VALIDATE_PRODUCT = YES;
			};
			name = Release;
		};
		41FB7FD923355BAA0002C963 /* Debug */ = {
			isa = XCBuildConfiguration;
			buildSettings = {
				ASSETCATALOG_COMPILER_APPICON_NAME = AppIcon;
				CODE_SIGN_STYLE = Automatic;
				DEVELOPMENT_TEAM = 9LK4E8F8ES;
				INFOPLIST_FILE = CollectionViewCoreData/Info.plist;
				LD_RUNPATH_SEARCH_PATHS = (
					"$(inherited)",
					"@executable_path/Frameworks",
				);
				PRODUCT_BUNDLE_IDENTIFIER = sinisterstudio.CollectionViewCoreData;
				PRODUCT_NAME = "$(TARGET_NAME)";
				SWIFT_VERSION = 5.0;
				TARGETED_DEVICE_FAMILY = "1,2";
			};
			name = Debug;
		};
		41FB7FDA23355BAA0002C963 /* Release */ = {
			isa = XCBuildConfiguration;
			buildSettings = {
				ASSETCATALOG_COMPILER_APPICON_NAME = AppIcon;
				CODE_SIGN_STYLE = Automatic;
				DEVELOPMENT_TEAM = 9LK4E8F8ES;
				INFOPLIST_FILE = CollectionViewCoreData/Info.plist;
				LD_RUNPATH_SEARCH_PATHS = (
					"$(inherited)",
					"@executable_path/Frameworks",
				);
				PRODUCT_BUNDLE_IDENTIFIER = sinisterstudio.CollectionViewCoreData;
				PRODUCT_NAME = "$(TARGET_NAME)";
				SWIFT_VERSION = 5.0;
				TARGETED_DEVICE_FAMILY = "1,2";
			};
			name = Release;
		};
/* End XCBuildConfiguration section */

/* Begin XCConfigurationList section */
		41FB7FC123355BA90002C963 /* Build configuration list for PBXProject "CollectionViewCoreData" */ = {
			isa = XCConfigurationList;
			buildConfigurations = (
				41FB7FD623355BAA0002C963 /* Debug */,
				41FB7FD723355BAA0002C963 /* Release */,
			);
			defaultConfigurationIsVisible = 0;
			defaultConfigurationName = Release;
		};
		41FB7FD823355BAA0002C963 /* Build configuration list for PBXNativeTarget "CollectionViewCoreData" */ = {
			isa = XCConfigurationList;
			buildConfigurations = (
				41FB7FD923355BAA0002C963 /* Debug */,
				41FB7FDA23355BAA0002C963 /* Release */,
			);
			defaultConfigurationIsVisible = 0;
			defaultConfigurationName = Release;
		};
/* End XCConfigurationList section */

/* Begin XCVersionGroup section */
		41FB7FDC23355C130002C963 /* DataModel.xcdatamodeld */ = {
			isa = XCVersionGroup;
			children = (
				41FB7FDD23355C130002C963 /* DataModel.xcdatamodel */,
			);
			currentVersion = 41FB7FDD23355C130002C963 /* DataModel.xcdatamodel */;
			path = DataModel.xcdatamodeld;
			sourceTree = "<group>";
			versionGroupType = wrapper.xcdatamodel;
		};
/* End XCVersionGroup section */
	};
	rootObject = 41FB7FBE23355BA90002C963 /* Project object */;
}
